// !$*UTF8*$!
{
	archiveVersion = 1;
	classes = {
	};
	objectVersion = 51;
	objects = {

/* Begin PBXBuildFile section */
		7ABB936386FE080817DD4210 /* libPods-UIModule.a in Frameworks */ = {isa = PBXBuildFile; fileRef = 20DB6950829D683C9F4368AC /* libPods-UIModule.a */; };
		C816E2D82302994E00FE8DB0 /* DXLiveAppraiseViewController.m in Sources */ = {isa = PBXBuildFile; fileRef = C816E2A02302994E00FE8DB0 /* DXLiveAppraiseViewController.m */; };
		C816E2D92302994E00FE8DB0 /* DXLiveAppraiseSuccessViewController.m in Sources */ = {isa = PBXBuildFile; fileRef = C816E2A32302994E00FE8DB0 /* DXLiveAppraiseSuccessViewController.m */; };
		C816E2DA2302994E00FE8DB0 /* DXLivePlayBackViewController.m in Sources */ = {isa = PBXBuildFile; fileRef = C816E2A62302994E00FE8DB0 /* DXLivePlayBackViewController.m */; };
		C816E2DB2302994E00FE8DB0 /* DXLiveViewController+Gensee.m in Sources */ = {isa = PBXBuildFile; fileRef = C816E2A82302994E00FE8DB0 /* DXLiveViewController+Gensee.m */; };
		C816E2DC2302994E00FE8DB0 /* DXLiveViewController+CC.m in Sources */ = {isa = PBXBuildFile; fileRef = C816E2A92302994E00FE8DB0 /* DXLiveViewController+CC.m */; };
		C816E2DD2302994E00FE8DB0 /* DXLiveViewController.m in Sources */ = {isa = PBXBuildFile; fileRef = C816E2AA2302994E00FE8DB0 /* DXLiveViewController.m */; };
		C816E2DE2302994E00FE8DB0 /* ChatMessageInfo.m in Sources */ = {isa = PBXBuildFile; fileRef = C816E2AF2302994E00FE8DB0 /* ChatMessageInfo.m */; };
		C816E2DF2302994E00FE8DB0 /* DXLiveModuleNoteModel.m in Sources */ = {isa = PBXBuildFile; fileRef = C816E2B02302994E00FE8DB0 /* DXLiveModuleNoteModel.m */; };
		C816E2E02302994E00FE8DB0 /* DXLiveKeyboardView.m in Sources */ = {isa = PBXBuildFile; fileRef = C816E2BA2302994E00FE8DB0 /* DXLiveKeyboardView.m */; };
		C816E2E12302994E00FE8DB0 /* DXLiveConnectShieldView.m in Sources */ = {isa = PBXBuildFile; fileRef = C816E2BD2302994E00FE8DB0 /* DXLiveConnectShieldView.m */; };
		C816E2E22302994E00FE8DB0 /* DXLiveNoteKeyboardView.m in Sources */ = {isa = PBXBuildFile; fileRef = C816E2BE2302994E00FE8DB0 /* DXLiveNoteKeyboardView.m */; };
		C816E2E32302994E00FE8DB0 /* DXLiveInteractionView.m in Sources */ = {isa = PBXBuildFile; fileRef = C816E2BF2302994E00FE8DB0 /* DXLiveInteractionView.m */; };
		C816E2E42302994E00FE8DB0 /* DXLiveSubTableViewCell.m in Sources */ = {isa = PBXBuildFile; fileRef = C816E2C02302994E00FE8DB0 /* DXLiveSubTableViewCell.m */; };
		C816E2E52302994E00FE8DB0 /* DXLiveShieldView.m in Sources */ = {isa = PBXBuildFile; fileRef = C816E2C22302994E00FE8DB0 /* DXLiveShieldView.m */; };
		C816E2E62302994E00FE8DB0 /* DXLiveOverLayerVeiw.m in Sources */ = {isa = PBXBuildFile; fileRef = C816E2C32302994E00FE8DB0 /* DXLiveOverLayerVeiw.m */; };
		C816E2E72302994E00FE8DB0 /* DXLiveInvestigationResultsView.m in Sources */ = {isa = PBXBuildFile; fileRef = C816E2C52302994E00FE8DB0 /* DXLiveInvestigationResultsView.m */; };
		C816E2E82302994E00FE8DB0 /* DXLiveNetworkCell.m in Sources */ = {isa = PBXBuildFile; fileRef = C816E2C62302994E00FE8DB0 /* DXLiveNetworkCell.m */; };
		C816E2E92302994E00FE8DB0 /* DXLiveNetworkView.m in Sources */ = {isa = PBXBuildFile; fileRef = C816E2C72302994E00FE8DB0 /* DXLiveNetworkView.m */; };
		C816E2EA2302994E00FE8DB0 /* DXLiveInvestigationResultsCell.m in Sources */ = {isa = PBXBuildFile; fileRef = C816E2C82302994E00FE8DB0 /* DXLiveInvestigationResultsCell.m */; };
		C816E2EB2302994E00FE8DB0 /* DXLiveInvestigationCell.m in Sources */ = {isa = PBXBuildFile; fileRef = C816E2CA2302994E00FE8DB0 /* DXLiveInvestigationCell.m */; };
		C816E2EC2302994E00FE8DB0 /* DXLiveInvestigationView.m in Sources */ = {isa = PBXBuildFile; fileRef = C816E2CB2302994E00FE8DB0 /* DXLiveInvestigationView.m */; };
		C816E2ED2302994E00FE8DB0 /* DXLiveEnteringInvestigationView.m in Sources */ = {isa = PBXBuildFile; fileRef = C816E2CE2302994E00FE8DB0 /* DXLiveEnteringInvestigationView.m */; };
		C816E2EE2302994E00FE8DB0 /* DXLiveApiNetWork.m in Sources */ = {isa = PBXBuildFile; fileRef = C816E2D42302994E00FE8DB0 /* DXLiveApiNetWork.m */; };
		C816E2EF2302994E00FE8DB0 /* DXLiveRequest.m in Sources */ = {isa = PBXBuildFile; fileRef = C816E2D72302994E00FE8DB0 /* DXLiveRequest.m */; };
		C89D71F722E7EBA70048A1BD /* AppDelegate.m in Sources */ = {isa = PBXBuildFile; fileRef = C89D71F622E7EBA70048A1BD /* AppDelegate.m */; };
		C89D71FA22E7EBA70048A1BD /* ViewController.m in Sources */ = {isa = PBXBuildFile; fileRef = C89D71F922E7EBA70048A1BD /* ViewController.m */; };
		C89D71FD22E7EBA70048A1BD /* Main.storyboard in Resources */ = {isa = PBXBuildFile; fileRef = C89D71FB22E7EBA70048A1BD /* Main.storyboard */; };
		C89D71FF22E7EBA80048A1BD /* Assets.xcassets in Resources */ = {isa = PBXBuildFile; fileRef = C89D71FE22E7EBA80048A1BD /* Assets.xcassets */; };
		C89D720222E7EBA80048A1BD /* LaunchScreen.storyboard in Resources */ = {isa = PBXBuildFile; fileRef = C89D720022E7EBA80048A1BD /* LaunchScreen.storyboard */; };
		C89D720522E7EBA80048A1BD /* main.m in Sources */ = {isa = PBXBuildFile; fileRef = C89D720422E7EBA80048A1BD /* main.m */; };
		C89D739022E83D8E0048A1BD /* JQPopSelectMenuView.m in Sources */ = {isa = PBXBuildFile; fileRef = C89D738F22E83D8E0048A1BD /* JQPopSelectMenuView.m */; };
/* End PBXBuildFile section */

/* Begin PBXFileReference section */
		20DB6950829D683C9F4368AC /* libPods-UIModule.a */ = {isa = PBXFileReference; explicitFileType = archive.ar; includeInIndex = 0; path = "libPods-UIModule.a"; sourceTree = BUILT_PRODUCTS_DIR; };
		8AEDFEA781850A4660E756C3 /* Pods-UIModule.debug.xcconfig */ = {isa = PBXFileReference; includeInIndex = 1; lastKnownFileType = text.xcconfig; name = "Pods-UIModule.debug.xcconfig"; path = "Target Support Files/Pods-UIModule/Pods-UIModule.debug.xcconfig"; sourceTree = "<group>"; };
		C816E2A02302994E00FE8DB0 /* DXLiveAppraiseViewController.m */ = {isa = PBXFileReference; fileEncoding = 4; lastKnownFileType = sourcecode.c.objc; path = DXLiveAppraiseViewController.m; sourceTree = "<group>"; };
		C816E2A12302994E00FE8DB0 /* DXLiveAppraiseSuccessViewController.h */ = {isa = PBXFileReference; fileEncoding = 4; lastKnownFileType = sourcecode.c.h; path = DXLiveAppraiseSuccessViewController.h; sourceTree = "<group>"; };
		C816E2A22302994E00FE8DB0 /* DXLiveAppraiseViewController.h */ = {isa = PBXFileReference; fileEncoding = 4; lastKnownFileType = sourcecode.c.h; path = DXLiveAppraiseViewController.h; sourceTree = "<group>"; };
		C816E2A32302994E00FE8DB0 /* DXLiveAppraiseSuccessViewController.m */ = {isa = PBXFileReference; fileEncoding = 4; lastKnownFileType = sourcecode.c.objc; path = DXLiveAppraiseSuccessViewController.m; sourceTree = "<group>"; };
		C816E2A52302994E00FE8DB0 /* DXLivePlayBackViewController.h */ = {isa = PBXFileReference; fileEncoding = 4; lastKnownFileType = sourcecode.c.h; path = DXLivePlayBackViewController.h; sourceTree = "<group>"; };
		C816E2A62302994E00FE8DB0 /* DXLivePlayBackViewController.m */ = {isa = PBXFileReference; fileEncoding = 4; lastKnownFileType = sourcecode.c.objc; path = DXLivePlayBackViewController.m; sourceTree = "<group>"; };
		C816E2A82302994E00FE8DB0 /* DXLiveViewController+Gensee.m */ = {isa = PBXFileReference; fileEncoding = 4; lastKnownFileType = sourcecode.c.objc; path = "DXLiveViewController+Gensee.m"; sourceTree = "<group>"; };
		C816E2A92302994E00FE8DB0 /* DXLiveViewController+CC.m */ = {isa = PBXFileReference; fileEncoding = 4; lastKnownFileType = sourcecode.c.objc; path = "DXLiveViewController+CC.m"; sourceTree = "<group>"; };
		C816E2AA2302994E00FE8DB0 /* DXLiveViewController.m */ = {isa = PBXFileReference; fileEncoding = 4; lastKnownFileType = sourcecode.c.objc; path = DXLiveViewController.m; sourceTree = "<group>"; };
		C816E2AB2302994E00FE8DB0 /* DXLiveViewController+CC.h */ = {isa = PBXFileReference; fileEncoding = 4; lastKnownFileType = sourcecode.c.h; path = "DXLiveViewController+CC.h"; sourceTree = "<group>"; };
		C816E2AC2302994E00FE8DB0 /* DXLiveViewController+Gensee.h */ = {isa = PBXFileReference; fileEncoding = 4; lastKnownFileType = sourcecode.c.h; path = "DXLiveViewController+Gensee.h"; sourceTree = "<group>"; };
		C816E2AD2302994E00FE8DB0 /* DXLiveViewController.h */ = {isa = PBXFileReference; fileEncoding = 4; lastKnownFileType = sourcecode.c.h; path = DXLiveViewController.h; sourceTree = "<group>"; };
		C816E2AF2302994E00FE8DB0 /* ChatMessageInfo.m */ = {isa = PBXFileReference; fileEncoding = 4; lastKnownFileType = sourcecode.c.objc; path = ChatMessageInfo.m; sourceTree = "<group>"; };
		C816E2B02302994E00FE8DB0 /* DXLiveModuleNoteModel.m */ = {isa = PBXFileReference; fileEncoding = 4; lastKnownFileType = sourcecode.c.objc; path = DXLiveModuleNoteModel.m; sourceTree = "<group>"; };
		C816E2B12302994E00FE8DB0 /* ChatMessageInfo.h */ = {isa = PBXFileReference; fileEncoding = 4; lastKnownFileType = sourcecode.c.h; path = ChatMessageInfo.h; sourceTree = "<group>"; };
		C816E2B22302994E00FE8DB0 /* DXLiveModuleNoteModel.h */ = {isa = PBXFileReference; fileEncoding = 4; lastKnownFileType = sourcecode.c.h; path = DXLiveModuleNoteModel.h; sourceTree = "<group>"; };
		C816E2B62302994E00FE8DB0 /* DXLiveSubTableViewCell.h */ = {isa = PBXFileReference; fileEncoding = 4; lastKnownFileType = sourcecode.c.h; path = DXLiveSubTableViewCell.h; sourceTree = "<group>"; };
		C816E2B72302994E00FE8DB0 /* DXLiveInteractionView.h */ = {isa = PBXFileReference; fileEncoding = 4; lastKnownFileType = sourcecode.c.h; path = DXLiveInteractionView.h; sourceTree = "<group>"; };
		C816E2B82302994E00FE8DB0 /* DXLiveNoteKeyboardView.h */ = {isa = PBXFileReference; fileEncoding = 4; lastKnownFileType = sourcecode.c.h; path = DXLiveNoteKeyboardView.h; sourceTree = "<group>"; };
		C816E2B92302994E00FE8DB0 /* DXLiveConnectShieldView.h */ = {isa = PBXFileReference; fileEncoding = 4; lastKnownFileType = sourcecode.c.h; path = DXLiveConnectShieldView.h; sourceTree = "<group>"; };
		C816E2BA2302994E00FE8DB0 /* DXLiveKeyboardView.m */ = {isa = PBXFileReference; fileEncoding = 4; lastKnownFileType = sourcecode.c.objc; path = DXLiveKeyboardView.m; sourceTree = "<group>"; };
		C816E2BB2302994E00FE8DB0 /* DXLiveOverLayerVeiw.h */ = {isa = PBXFileReference; fileEncoding = 4; lastKnownFileType = sourcecode.c.h; path = DXLiveOverLayerVeiw.h; sourceTree = "<group>"; };
		C816E2BC2302994E00FE8DB0 /* DXLiveShieldView.h */ = {isa = PBXFileReference; fileEncoding = 4; lastKnownFileType = sourcecode.c.h; path = DXLiveShieldView.h; sourceTree = "<group>"; };
		C816E2BD2302994E00FE8DB0 /* DXLiveConnectShieldView.m */ = {isa = PBXFileReference; fileEncoding = 4; lastKnownFileType = sourcecode.c.objc; path = DXLiveConnectShieldView.m; sourceTree = "<group>"; };
		C816E2BE2302994E00FE8DB0 /* DXLiveNoteKeyboardView.m */ = {isa = PBXFileReference; fileEncoding = 4; lastKnownFileType = sourcecode.c.objc; path = DXLiveNoteKeyboardView.m; sourceTree = "<group>"; };
		C816E2BF2302994E00FE8DB0 /* DXLiveInteractionView.m */ = {isa = PBXFileReference; fileEncoding = 4; lastKnownFileType = sourcecode.c.objc; path = DXLiveInteractionView.m; sourceTree = "<group>"; };
		C816E2C02302994E00FE8DB0 /* DXLiveSubTableViewCell.m */ = {isa = PBXFileReference; fileEncoding = 4; lastKnownFileType = sourcecode.c.objc; path = DXLiveSubTableViewCell.m; sourceTree = "<group>"; };
		C816E2C12302994E00FE8DB0 /* DXLiveKeyboardView.h */ = {isa = PBXFileReference; fileEncoding = 4; lastKnownFileType = sourcecode.c.h; path = DXLiveKeyboardView.h; sourceTree = "<group>"; };
		C816E2C22302994E00FE8DB0 /* DXLiveShieldView.m */ = {isa = PBXFileReference; fileEncoding = 4; lastKnownFileType = sourcecode.c.objc; path = DXLiveShieldView.m; sourceTree = "<group>"; };
		C816E2C32302994E00FE8DB0 /* DXLiveOverLayerVeiw.m */ = {isa = PBXFileReference; fileEncoding = 4; lastKnownFileType = sourcecode.c.objc; path = DXLiveOverLayerVeiw.m; sourceTree = "<group>"; };
		C816E2C52302994E00FE8DB0 /* DXLiveInvestigationResultsView.m */ = {isa = PBXFileReference; fileEncoding = 4; lastKnownFileType = sourcecode.c.objc; path = DXLiveInvestigationResultsView.m; sourceTree = "<group>"; };
		C816E2C62302994E00FE8DB0 /* DXLiveNetworkCell.m */ = {isa = PBXFileReference; fileEncoding = 4; lastKnownFileType = sourcecode.c.objc; path = DXLiveNetworkCell.m; sourceTree = "<group>"; };
		C816E2C72302994E00FE8DB0 /* DXLiveNetworkView.m */ = {isa = PBXFileReference; fileEncoding = 4; lastKnownFileType = sourcecode.c.objc; path = DXLiveNetworkView.m; sourceTree = "<group>"; };
		C816E2C82302994E00FE8DB0 /* DXLiveInvestigationResultsCell.m */ = {isa = PBXFileReference; fileEncoding = 4; lastKnownFileType = sourcecode.c.objc; path = DXLiveInvestigationResultsCell.m; sourceTree = "<group>"; };
		C816E2C92302994E00FE8DB0 /* DXLiveEnteringInvestigationView.h */ = {isa = PBXFileReference; fileEncoding = 4; lastKnownFileType = sourcecode.c.h; path = DXLiveEnteringInvestigationView.h; sourceTree = "<group>"; };
		C816E2CA2302994E00FE8DB0 /* DXLiveInvestigationCell.m */ = {isa = PBXFileReference; fileEncoding = 4; lastKnownFileType = sourcecode.c.objc; path = DXLiveInvestigationCell.m; sourceTree = "<group>"; };
		C816E2CB2302994E00FE8DB0 /* DXLiveInvestigationView.m */ = {isa = PBXFileReference; fileEncoding = 4; lastKnownFileType = sourcecode.c.objc; path = DXLiveInvestigationView.m; sourceTree = "<group>"; };
		C816E2CC2302994E00FE8DB0 /* DXLiveNetworkCell.h */ = {isa = PBXFileReference; fileEncoding = 4; lastKnownFileType = sourcecode.c.h; path = DXLiveNetworkCell.h; sourceTree = "<group>"; };
		C816E2CD2302994E00FE8DB0 /* DXLiveInvestigationResultsView.h */ = {isa = PBXFileReference; fileEncoding = 4; lastKnownFileType = sourcecode.c.h; path = DXLiveInvestigationResultsView.h; sourceTree = "<group>"; };
		C816E2CE2302994E00FE8DB0 /* DXLiveEnteringInvestigationView.m */ = {isa = PBXFileReference; fileEncoding = 4; lastKnownFileType = sourcecode.c.objc; path = DXLiveEnteringInvestigationView.m; sourceTree = "<group>"; };
		C816E2CF2302994E00FE8DB0 /* DXLiveInvestigationResultsCell.h */ = {isa = PBXFileReference; fileEncoding = 4; lastKnownFileType = sourcecode.c.h; path = DXLiveInvestigationResultsCell.h; sourceTree = "<group>"; };
		C816E2D02302994E00FE8DB0 /* DXLiveNetworkView.h */ = {isa = PBXFileReference; fileEncoding = 4; lastKnownFileType = sourcecode.c.h; path = DXLiveNetworkView.h; sourceTree = "<group>"; };
		C816E2D12302994E00FE8DB0 /* DXLiveInvestigationCell.h */ = {isa = PBXFileReference; fileEncoding = 4; lastKnownFileType = sourcecode.c.h; path = DXLiveInvestigationCell.h; sourceTree = "<group>"; };
		C816E2D22302994E00FE8DB0 /* DXLiveInvestigationView.h */ = {isa = PBXFileReference; fileEncoding = 4; lastKnownFileType = sourcecode.c.h; path = DXLiveInvestigationView.h; sourceTree = "<group>"; };
		C816E2D42302994E00FE8DB0 /* DXLiveApiNetWork.m */ = {isa = PBXFileReference; fileEncoding = 4; lastKnownFileType = sourcecode.c.objc; path = DXLiveApiNetWork.m; sourceTree = "<group>"; };
		C816E2D52302994E00FE8DB0 /* DXLiveRequest.h */ = {isa = PBXFileReference; fileEncoding = 4; lastKnownFileType = sourcecode.c.h; path = DXLiveRequest.h; sourceTree = "<group>"; };
		C816E2D62302994E00FE8DB0 /* DXLiveApiNetWork.h */ = {isa = PBXFileReference; fileEncoding = 4; lastKnownFileType = sourcecode.c.h; path = DXLiveApiNetWork.h; sourceTree = "<group>"; };
		C816E2D72302994E00FE8DB0 /* DXLiveRequest.m */ = {isa = PBXFileReference; fileEncoding = 4; lastKnownFileType = sourcecode.c.objc; path = DXLiveRequest.m; sourceTree = "<group>"; };
		C89D71F222E7EBA70048A1BD /* UIModule.app */ = {isa = PBXFileReference; explicitFileType = wrapper.application; includeInIndex = 0; path = UIModule.app; sourceTree = BUILT_PRODUCTS_DIR; };
		C89D71F522E7EBA70048A1BD /* AppDelegate.h */ = {isa = PBXFileReference; lastKnownFileType = sourcecode.c.h; path = AppDelegate.h; sourceTree = "<group>"; };
		C89D71F622E7EBA70048A1BD /* AppDelegate.m */ = {isa = PBXFileReference; lastKnownFileType = sourcecode.c.objc; path = AppDelegate.m; sourceTree = "<group>"; };
		C89D71F822E7EBA70048A1BD /* ViewController.h */ = {isa = PBXFileReference; lastKnownFileType = sourcecode.c.h; path = ViewController.h; sourceTree = "<group>"; };
		C89D71F922E7EBA70048A1BD /* ViewController.m */ = {isa = PBXFileReference; lastKnownFileType = sourcecode.c.objc; path = ViewController.m; sourceTree = "<group>"; };
		C89D71FC22E7EBA70048A1BD /* Base */ = {isa = PBXFileReference; lastKnownFileType = file.storyboard; name = Base; path = Base.lproj/Main.storyboard; sourceTree = "<group>"; };
		C89D71FE22E7EBA80048A1BD /* Assets.xcassets */ = {isa = PBXFileReference; lastKnownFileType = folder.assetcatalog; path = Assets.xcassets; sourceTree = "<group>"; };
		C89D720122E7EBA80048A1BD /* Base */ = {isa = PBXFileReference; lastKnownFileType = file.storyboard; name = Base; path = Base.lproj/LaunchScreen.storyboard; sourceTree = "<group>"; };
		C89D720322E7EBA80048A1BD /* Info.plist */ = {isa = PBXFileReference; lastKnownFileType = text.plist.xml; path = Info.plist; sourceTree = "<group>"; };
		C89D720422E7EBA80048A1BD /* main.m */ = {isa = PBXFileReference; lastKnownFileType = sourcecode.c.objc; path = main.m; sourceTree = "<group>"; };
		C89D738E22E83D8E0048A1BD /* JQPopSelectMenuView.h */ = {isa = PBXFileReference; fileEncoding = 4; lastKnownFileType = sourcecode.c.h; path = JQPopSelectMenuView.h; sourceTree = "<group>"; };
		C89D738F22E83D8E0048A1BD /* JQPopSelectMenuView.m */ = {isa = PBXFileReference; fileEncoding = 4; lastKnownFileType = sourcecode.c.objc; path = JQPopSelectMenuView.m; sourceTree = "<group>"; };
		DE90E8E2FC81C280A9008E51 /* Pods-UIModule.release.xcconfig */ = {isa = PBXFileReference; includeInIndex = 1; lastKnownFileType = text.xcconfig; name = "Pods-UIModule.release.xcconfig"; path = "Target Support Files/Pods-UIModule/Pods-UIModule.release.xcconfig"; sourceTree = "<group>"; };
/* End PBXFileReference section */

/* Begin PBXFrameworksBuildPhase section */
		C89D71EF22E7EBA70048A1BD /* Frameworks */ = {
			isa = PBXFrameworksBuildPhase;
			buildActionMask = 2147483647;
			files = (
				7ABB936386FE080817DD4210 /* libPods-UIModule.a in Frameworks */,
			);
			runOnlyForDeploymentPostprocessing = 0;
		};
/* End PBXFrameworksBuildPhase section */

/* Begin PBXGroup section */
		2654B3D253BC4BF2CDF19FC2 /* Frameworks */ = {
			isa = PBXGroup;
			children = (
				20DB6950829D683C9F4368AC /* libPods-UIModule.a */,
			);
			name = Frameworks;
			sourceTree = "<group>";
		};
		C816E29D2302994E00FE8DB0 /* Live */ = {
			isa = PBXGroup;
			children = (
				C816E29E2302994E00FE8DB0 /* Controller */,
				C816E2AE2302994E00FE8DB0 /* Model */,
				C816E2B32302994E00FE8DB0 /* View */,
				C816E2D32302994E00FE8DB0 /* Api */,
			);
			path = Live;
			sourceTree = "<group>";
		};
		C816E29E2302994E00FE8DB0 /* Controller */ = {
			isa = PBXGroup;
			children = (
				C816E29F2302994E00FE8DB0 /* Other */,
				C816E2A42302994E00FE8DB0 /* Playback */,
				C816E2A72302994E00FE8DB0 /* Live */,
			);
			path = Controller;
			sourceTree = "<group>";
		};
		C816E29F2302994E00FE8DB0 /* Other */ = {
			isa = PBXGroup;
			children = (
				C816E2A02302994E00FE8DB0 /* DXLiveAppraiseViewController.m */,
				C816E2A12302994E00FE8DB0 /* DXLiveAppraiseSuccessViewController.h */,
				C816E2A22302994E00FE8DB0 /* DXLiveAppraiseViewController.h */,
				C816E2A32302994E00FE8DB0 /* DXLiveAppraiseSuccessViewController.m */,
			);
			path = Other;
			sourceTree = "<group>";
		};
		C816E2A42302994E00FE8DB0 /* Playback */ = {
			isa = PBXGroup;
			children = (
				C816E2A52302994E00FE8DB0 /* DXLivePlayBackViewController.h */,
				C816E2A62302994E00FE8DB0 /* DXLivePlayBackViewController.m */,
			);
			path = Playback;
			sourceTree = "<group>";
		};
		C816E2A72302994E00FE8DB0 /* Live */ = {
			isa = PBXGroup;
			children = (
				C816E2A82302994E00FE8DB0 /* DXLiveViewController+Gensee.m */,
				C816E2A92302994E00FE8DB0 /* DXLiveViewController+CC.m */,
				C816E2AA2302994E00FE8DB0 /* DXLiveViewController.m */,
				C816E2AB2302994E00FE8DB0 /* DXLiveViewController+CC.h */,
				C816E2AC2302994E00FE8DB0 /* DXLiveViewController+Gensee.h */,
				C816E2AD2302994E00FE8DB0 /* DXLiveViewController.h */,
			);
			path = Live;
			sourceTree = "<group>";
		};
		C816E2AE2302994E00FE8DB0 /* Model */ = {
			isa = PBXGroup;
			children = (
				C816E2AF2302994E00FE8DB0 /* ChatMessageInfo.m */,
				C816E2B02302994E00FE8DB0 /* DXLiveModuleNoteModel.m */,
				C816E2B12302994E00FE8DB0 /* ChatMessageInfo.h */,
				C816E2B22302994E00FE8DB0 /* DXLiveModuleNoteModel.h */,
			);
			path = Model;
			sourceTree = "<group>";
		};
		C816E2B32302994E00FE8DB0 /* View */ = {
			isa = PBXGroup;
			children = (
				C816E2B42302994E00FE8DB0 /* CCView */,
				C816E2B52302994E00FE8DB0 /* CommonView */,
				C816E2C42302994E00FE8DB0 /* GenseeView */,
			);
			path = View;
			sourceTree = "<group>";
		};
		C816E2B42302994E00FE8DB0 /* CCView */ = {
			isa = PBXGroup;
			children = (
			);
			path = CCView;
			sourceTree = "<group>";
		};
		C816E2B52302994E00FE8DB0 /* CommonView */ = {
			isa = PBXGroup;
			children = (
				C816E2B62302994E00FE8DB0 /* DXLiveSubTableViewCell.h */,
				C816E2B72302994E00FE8DB0 /* DXLiveInteractionView.h */,
				C816E2B82302994E00FE8DB0 /* DXLiveNoteKeyboardView.h */,
				C816E2B92302994E00FE8DB0 /* DXLiveConnectShieldView.h */,
				C816E2BA2302994E00FE8DB0 /* DXLiveKeyboardView.m */,
				C816E2BB2302994E00FE8DB0 /* DXLiveOverLayerVeiw.h */,
				C816E2BC2302994E00FE8DB0 /* DXLiveShieldView.h */,
				C816E2BD2302994E00FE8DB0 /* DXLiveConnectShieldView.m */,
				C816E2BE2302994E00FE8DB0 /* DXLiveNoteKeyboardView.m */,
				C816E2BF2302994E00FE8DB0 /* DXLiveInteractionView.m */,
				C816E2C02302994E00FE8DB0 /* DXLiveSubTableViewCell.m */,
				C816E2C12302994E00FE8DB0 /* DXLiveKeyboardView.h */,
				C816E2C22302994E00FE8DB0 /* DXLiveShieldView.m */,
				C816E2C32302994E00FE8DB0 /* DXLiveOverLayerVeiw.m */,
			);
			path = CommonView;
			sourceTree = "<group>";
		};
		C816E2C42302994E00FE8DB0 /* GenseeView */ = {
			isa = PBXGroup;
			children = (
				C816E2C52302994E00FE8DB0 /* DXLiveInvestigationResultsView.m */,
				C816E2C62302994E00FE8DB0 /* DXLiveNetworkCell.m */,
				C816E2C72302994E00FE8DB0 /* DXLiveNetworkView.m */,
				C816E2C82302994E00FE8DB0 /* DXLiveInvestigationResultsCell.m */,
				C816E2C92302994E00FE8DB0 /* DXLiveEnteringInvestigationView.h */,
				C816E2CA2302994E00FE8DB0 /* DXLiveInvestigationCell.m */,
				C816E2CB2302994E00FE8DB0 /* DXLiveInvestigationView.m */,
				C816E2CC2302994E00FE8DB0 /* DXLiveNetworkCell.h */,
				C816E2CD2302994E00FE8DB0 /* DXLiveInvestigationResultsView.h */,
				C816E2CE2302994E00FE8DB0 /* DXLiveEnteringInvestigationView.m */,
				C816E2CF2302994E00FE8DB0 /* DXLiveInvestigationResultsCell.h */,
				C816E2D02302994E00FE8DB0 /* DXLiveNetworkView.h */,
				C816E2D12302994E00FE8DB0 /* DXLiveInvestigationCell.h */,
				C816E2D22302994E00FE8DB0 /* DXLiveInvestigationView.h */,
			);
			path = GenseeView;
			sourceTree = "<group>";
		};
		C816E2D32302994E00FE8DB0 /* Api */ = {
			isa = PBXGroup;
			children = (
				C816E2D42302994E00FE8DB0 /* DXLiveApiNetWork.m */,
				C816E2D52302994E00FE8DB0 /* DXLiveRequest.h */,
				C816E2D62302994E00FE8DB0 /* DXLiveApiNetWork.h */,
				C816E2D72302994E00FE8DB0 /* DXLiveRequest.m */,
			);
			path = Api;
			sourceTree = "<group>";
		};
		C89D71E922E7EBA70048A1BD = {
			isa = PBXGroup;
			children = (
				C89D71F422E7EBA70048A1BD /* UIModule */,
				C89D71F322E7EBA70048A1BD /* Products */,
				E1F0AF5709460C0C8D8972AC /* Pods */,
				2654B3D253BC4BF2CDF19FC2 /* Frameworks */,
			);
			sourceTree = "<group>";
		};
		C89D71F322E7EBA70048A1BD /* Products */ = {
			isa = PBXGroup;
			children = (
				C89D71F222E7EBA70048A1BD /* UIModule.app */,
			);
			name = Products;
			sourceTree = "<group>";
		};
		C89D71F422E7EBA70048A1BD /* UIModule */ = {
			isa = PBXGroup;
			children = (
				C816E29D2302994E00FE8DB0 /* Live */,
				C89D738D22E83D810048A1BD /* View */,
				C89D71F522E7EBA70048A1BD /* AppDelegate.h */,
				C89D71F622E7EBA70048A1BD /* AppDelegate.m */,
				C89D71F822E7EBA70048A1BD /* ViewController.h */,
				C89D71F922E7EBA70048A1BD /* ViewController.m */,
				C89D71FB22E7EBA70048A1BD /* Main.storyboard */,
				C89D71FE22E7EBA80048A1BD /* Assets.xcassets */,
				C89D720022E7EBA80048A1BD /* LaunchScreen.storyboard */,
				C89D720322E7EBA80048A1BD /* Info.plist */,
				C89D720422E7EBA80048A1BD /* main.m */,
				C89D720B22E7FEB10048A1BD /* Develop */,
			);
			path = UIModule;
			sourceTree = "<group>";
		};
		C89D720B22E7FEB10048A1BD /* Develop */ = {
			isa = PBXGroup;
			children = (
				C89D725022E80A210048A1BD /* Public */,
				C89D720C22E7FEB10048A1BD /* Mode */,
				C89D720F22E7FEB10048A1BD /* Controller */,
				C89D721C22E7FEB10048A1BD /* View */,
				C89D722922E7FEB10048A1BD /* Api */,
				C89D722E22E7FEB10048A1BD /* Base */,
			);
			path = Develop;
			sourceTree = "<group>";
		};
		C89D720C22E7FEB10048A1BD /* Mode */ = {
			isa = PBXGroup;
			children = (
			);
			path = Mode;
			sourceTree = "<group>";
		};
		C89D720F22E7FEB10048A1BD /* Controller */ = {
			isa = PBXGroup;
			children = (
			);
			path = Controller;
			sourceTree = "<group>";
		};
		C89D721C22E7FEB10048A1BD /* View */ = {
			isa = PBXGroup;
			children = (
			);
			path = View;
			sourceTree = "<group>";
		};
		C89D722922E7FEB10048A1BD /* Api */ = {
			isa = PBXGroup;
			children = (
			);
			path = Api;
			sourceTree = "<group>";
		};
		C89D722E22E7FEB10048A1BD /* Base */ = {
			isa = PBXGroup;
			children = (
			);
			path = Base;
			sourceTree = "<group>";
		};
		C89D725022E80A210048A1BD /* Public */ = {
			isa = PBXGroup;
			children = (
			);
			path = Public;
			sourceTree = "<group>";
		};
		C89D738D22E83D810048A1BD /* View */ = {
			isa = PBXGroup;
			children = (
				C89D738E22E83D8E0048A1BD /* JQPopSelectMenuView.h */,
				C89D738F22E83D8E0048A1BD /* JQPopSelectMenuView.m */,
			);
			path = View;
			sourceTree = "<group>";
		};
		E1F0AF5709460C0C8D8972AC /* Pods */ = {
			isa = PBXGroup;
			children = (
				8AEDFEA781850A4660E756C3 /* Pods-UIModule.debug.xcconfig */,
				DE90E8E2FC81C280A9008E51 /* Pods-UIModule.release.xcconfig */,
			);
			path = Pods;
			sourceTree = "<group>";
		};
/* End PBXGroup section */

/* Begin PBXNativeTarget section */
		C89D71F122E7EBA70048A1BD /* UIModule */ = {
			isa = PBXNativeTarget;
			buildConfigurationList = C89D720822E7EBA80048A1BD /* Build configuration list for PBXNativeTarget "UIModule" */;
			buildPhases = (
				8952EEB7360A303CA140688F /* [CP] Check Pods Manifest.lock */,
				C89D71EE22E7EBA70048A1BD /* Sources */,
				C89D71EF22E7EBA70048A1BD /* Frameworks */,
				C89D71F022E7EBA70048A1BD /* Resources */,
				34D87AFC8CCF33ADBFD7A422 /* [CP] Copy Pods Resources */,
			);
			buildRules = (
			);
			dependencies = (
			);
			name = UIModule;
			productName = UIModule;
			productReference = C89D71F222E7EBA70048A1BD /* UIModule.app */;
			productType = "com.apple.product-type.application";
		};
/* End PBXNativeTarget section */

/* Begin PBXProject section */
		C89D71EA22E7EBA70048A1BD /* Project object */ = {
			isa = PBXProject;
			attributes = {
				LastUpgradeCheck = 1020;
				ORGANIZATIONNAME = "都学网";
				TargetAttributes = {
					C89D71F122E7EBA70048A1BD = {
						CreatedOnToolsVersion = 10.2.1;
					};
				};
			};
			buildConfigurationList = C89D71ED22E7EBA70048A1BD /* Build configuration list for PBXProject "UIModule" */;
			compatibilityVersion = "Xcode 9.3";
			developmentRegion = en;
			hasScannedForEncodings = 0;
			knownRegions = (
				en,
				Base,
			);
			mainGroup = C89D71E922E7EBA70048A1BD;
			productRefGroup = C89D71F322E7EBA70048A1BD /* Products */;
			projectDirPath = "";
			projectRoot = "";
			targets = (
				C89D71F122E7EBA70048A1BD /* UIModule */,
			);
		};
/* End PBXProject section */

/* Begin PBXResourcesBuildPhase section */
		C89D71F022E7EBA70048A1BD /* Resources */ = {
			isa = PBXResourcesBuildPhase;
			buildActionMask = 2147483647;
			files = (
				C89D720222E7EBA80048A1BD /* LaunchScreen.storyboard in Resources */,
				C89D71FF22E7EBA80048A1BD /* Assets.xcassets in Resources */,
				C89D71FD22E7EBA70048A1BD /* Main.storyboard in Resources */,
			);
			runOnlyForDeploymentPostprocessing = 0;
		};
/* End PBXResourcesBuildPhase section */

/* Begin PBXShellScriptBuildPhase section */
		34D87AFC8CCF33ADBFD7A422 /* [CP] Copy Pods Resources */ = {
			isa = PBXShellScriptBuildPhase;
			buildActionMask = 2147483647;
			files = (
			);
			inputFileListPaths = (
				"${PODS_ROOT}/Target Support Files/Pods-UIModule/Pods-UIModule-resources-${CONFIGURATION}-input-files.xcfilelist",
			);
			name = "[CP] Copy Pods Resources";
			outputFileListPaths = (
				"${PODS_ROOT}/Target Support Files/Pods-UIModule/Pods-UIModule-resources-${CONFIGURATION}-output-files.xcfilelist",
			);
			runOnlyForDeploymentPostprocessing = 0;
			shellPath = /bin/sh;
			shellScript = "\"${PODS_ROOT}/Target Support Files/Pods-UIModule/Pods-UIModule-resources.sh\"\n";
			showEnvVarsInLog = 0;
		};
		8952EEB7360A303CA140688F /* [CP] Check Pods Manifest.lock */ = {
			isa = PBXShellScriptBuildPhase;
			buildActionMask = 2147483647;
			files = (
			);
			inputFileListPaths = (
			);
			inputPaths = (
				"${PODS_PODFILE_DIR_PATH}/Podfile.lock",
				"${PODS_ROOT}/Manifest.lock",
			);
			name = "[CP] Check Pods Manifest.lock";
			outputFileListPaths = (
			);
			outputPaths = (
				"$(DERIVED_FILE_DIR)/Pods-UIModule-checkManifestLockResult.txt",
			);
			runOnlyForDeploymentPostprocessing = 0;
			shellPath = /bin/sh;
			shellScript = "diff \"${PODS_PODFILE_DIR_PATH}/Podfile.lock\" \"${PODS_ROOT}/Manifest.lock\" > /dev/null\nif [ $? != 0 ] ; then\n    # print error to STDERR\n    echo \"error: The sandbox is not in sync with the Podfile.lock. Run 'pod install' or update your CocoaPods installation.\" >&2\n    exit 1\nfi\n# This output is used by Xcode 'outputs' to avoid re-running this script phase.\necho \"SUCCESS\" > \"${SCRIPT_OUTPUT_FILE_0}\"\n";
			showEnvVarsInLog = 0;
		};
/* End PBXShellScriptBuildPhase section */

/* Begin PBXSourcesBuildPhase section */
		C89D71EE22E7EBA70048A1BD /* Sources */ = {
			isa = PBXSourcesBuildPhase;
			buildActionMask = 2147483647;
			files = (
				C89D71FA22E7EBA70048A1BD /* ViewController.m in Sources */,
				C816E2EC2302994E00FE8DB0 /* DXLiveInvestigationView.m in Sources */,
				C816E2EA2302994E00FE8DB0 /* DXLiveInvestigationResultsCell.m in Sources */,
				C816E2E62302994E00FE8DB0 /* DXLiveOverLayerVeiw.m in Sources */,
				C816E2E82302994E00FE8DB0 /* DXLiveNetworkCell.m in Sources */,
				C816E2EB2302994E00FE8DB0 /* DXLiveInvestigationCell.m in Sources */,
				C816E2D82302994E00FE8DB0 /* DXLiveAppraiseViewController.m in Sources */,
				C816E2DD2302994E00FE8DB0 /* DXLiveViewController.m in Sources */,
				C816E2E72302994E00FE8DB0 /* DXLiveInvestigationResultsView.m in Sources */,
				C816E2EE2302994E00FE8DB0 /* DXLiveApiNetWork.m in Sources */,
				C89D720522E7EBA80048A1BD /* main.m in Sources */,
				C816E2E02302994E00FE8DB0 /* DXLiveKeyboardView.m in Sources */,
				C816E2E42302994E00FE8DB0 /* DXLiveSubTableViewCell.m in Sources */,
				C816E2E92302994E00FE8DB0 /* DXLiveNetworkView.m in Sources */,
				C816E2D92302994E00FE8DB0 /* DXLiveAppraiseSuccessViewController.m in Sources */,
				C816E2E22302994E00FE8DB0 /* DXLiveNoteKeyboardView.m in Sources */,
				C89D739022E83D8E0048A1BD /* JQPopSelectMenuView.m in Sources */,
				C816E2DE2302994E00FE8DB0 /* ChatMessageInfo.m in Sources */,
				C816E2E32302994E00FE8DB0 /* DXLiveInteractionView.m in Sources */,
				C816E2EF2302994E00FE8DB0 /* DXLiveRequest.m in Sources */,
				C816E2DF2302994E00FE8DB0 /* DXLiveModuleNoteModel.m in Sources */,
				C816E2DB2302994E00FE8DB0 /* DXLiveViewController+Gensee.m in Sources */,
				C816E2E12302994E00FE8DB0 /* DXLiveConnectShieldView.m in Sources */,
				C816E2DC2302994E00FE8DB0 /* DXLiveViewController+CC.m in Sources */,
				C816E2E52302994E00FE8DB0 /* DXLiveShieldView.m in Sources */,
				C816E2DA2302994E00FE8DB0 /* DXLivePlayBackViewController.m in Sources */,
				C89D71F722E7EBA70048A1BD /* AppDelegate.m in Sources */,
				C816E2ED2302994E00FE8DB0 /* DXLiveEnteringInvestigationView.m in Sources */,
			);
			runOnlyForDeploymentPostprocessing = 0;
		};
/* End PBXSourcesBuildPhase section */

/* Begin PBXVariantGroup section */
		C89D71FB22E7EBA70048A1BD /* Main.storyboard */ = {
			isa = PBXVariantGroup;
			children = (
				C89D71FC22E7EBA70048A1BD /* Base */,
			);
			name = Main.storyboard;
			sourceTree = "<group>";
		};
		C89D720022E7EBA80048A1BD /* LaunchScreen.storyboard */ = {
			isa = PBXVariantGroup;
			children = (
				C89D720122E7EBA80048A1BD /* Base */,
			);
			name = LaunchScreen.storyboard;
			sourceTree = "<group>";
		};
/* End PBXVariantGroup section */

/* Begin XCBuildConfiguration section */
		C89D720622E7EBA80048A1BD /* Debug */ = {
			isa = XCBuildConfiguration;
			buildSettings = {
				ALWAYS_SEARCH_USER_PATHS = NO;
				CLANG_ANALYZER_NONNULL = YES;
				CLANG_ANALYZER_NUMBER_OBJECT_CONVERSION = YES_AGGRESSIVE;
				CLANG_CXX_LANGUAGE_STANDARD = "gnu++14";
				CLANG_CXX_LIBRARY = "libc++";
				CLANG_ENABLE_MODULES = YES;
				CLANG_ENABLE_OBJC_ARC = YES;
				CLANG_ENABLE_OBJC_WEAK = YES;
				CLANG_WARN_BLOCK_CAPTURE_AUTORELEASING = YES;
				CLANG_WARN_BOOL_CONVERSION = YES;
				CLANG_WARN_COMMA = YES;
				CLANG_WARN_CONSTANT_CONVERSION = YES;
				CLANG_WARN_DEPRECATED_OBJC_IMPLEMENTATIONS = YES;
				CLANG_WARN_DIRECT_OBJC_ISA_USAGE = YES_ERROR;
				CLANG_WARN_DOCUMENTATION_COMMENTS = YES;
				CLANG_WARN_EMPTY_BODY = YES;
				CLANG_WARN_ENUM_CONVERSION = YES;
				CLANG_WARN_INFINITE_RECURSION = YES;
				CLANG_WARN_INT_CONVERSION = YES;
				CLANG_WARN_NON_LITERAL_NULL_CONVERSION = YES;
				CLANG_WARN_OBJC_IMPLICIT_RETAIN_SELF = YES;
				CLANG_WARN_OBJC_LITERAL_CONVERSION = YES;
				CLANG_WARN_OBJC_ROOT_CLASS = YES_ERROR;
				CLANG_WARN_RANGE_LOOP_ANALYSIS = YES;
				CLANG_WARN_STRICT_PROTOTYPES = YES;
				CLANG_WARN_SUSPICIOUS_MOVE = YES;
				CLANG_WARN_UNGUARDED_AVAILABILITY = YES_AGGRESSIVE;
				CLANG_WARN_UNREACHABLE_CODE = YES;
				CLANG_WARN__DUPLICATE_METHOD_MATCH = YES;
				CODE_SIGN_IDENTITY = "iPhone Developer";
				COPY_PHASE_STRIP = NO;
				DEBUG_INFORMATION_FORMAT = dwarf;
				ENABLE_STRICT_OBJC_MSGSEND = YES;
				ENABLE_TESTABILITY = YES;
				GCC_C_LANGUAGE_STANDARD = gnu11;
				GCC_DYNAMIC_NO_PIC = NO;
				GCC_NO_COMMON_BLOCKS = YES;
				GCC_OPTIMIZATION_LEVEL = 0;
				GCC_PREPROCESSOR_DEFINITIONS = (
					"DEBUG=1",
					"$(inherited)",
				);
				GCC_WARN_64_TO_32_BIT_CONVERSION = YES;
				GCC_WARN_ABOUT_RETURN_TYPE = YES_ERROR;
				GCC_WARN_UNDECLARED_SELECTOR = YES;
				GCC_WARN_UNINITIALIZED_AUTOS = YES_AGGRESSIVE;
				GCC_WARN_UNUSED_FUNCTION = YES;
				GCC_WARN_UNUSED_VARIABLE = YES;
				IPHONEOS_DEPLOYMENT_TARGET = 12.2;
				MTL_ENABLE_DEBUG_INFO = INCLUDE_SOURCE;
				MTL_FAST_MATH = YES;
				ONLY_ACTIVE_ARCH = YES;
				SDKROOT = iphoneos;
			};
			name = Debug;
		};
		C89D720722E7EBA80048A1BD /* Release */ = {
			isa = XCBuildConfiguration;
			buildSettings = {
				ALWAYS_SEARCH_USER_PATHS = NO;
				CLANG_ANALYZER_NONNULL = YES;
				CLANG_ANALYZER_NUMBER_OBJECT_CONVERSION = YES_AGGRESSIVE;
				CLANG_CXX_LANGUAGE_STANDARD = "gnu++14";
				CLANG_CXX_LIBRARY = "libc++";
				CLANG_ENABLE_MODULES = YES;
				CLANG_ENABLE_OBJC_ARC = YES;
				CLANG_ENABLE_OBJC_WEAK = YES;
				CLANG_WARN_BLOCK_CAPTURE_AUTORELEASING = YES;
				CLANG_WARN_BOOL_CONVERSION = YES;
				CLANG_WARN_COMMA = YES;
				CLANG_WARN_CONSTANT_CONVERSION = YES;
				CLANG_WARN_DEPRECATED_OBJC_IMPLEMENTATIONS = YES;
				CLANG_WARN_DIRECT_OBJC_ISA_USAGE = YES_ERROR;
				CLANG_WARN_DOCUMENTATION_COMMENTS = YES;
				CLANG_WARN_EMPTY_BODY = YES;
				CLANG_WARN_ENUM_CONVERSION = YES;
				CLANG_WARN_INFINITE_RECURSION = YES;
				CLANG_WARN_INT_CONVERSION = YES;
				CLANG_WARN_NON_LITERAL_NULL_CONVERSION = YES;
				CLANG_WARN_OBJC_IMPLICIT_RETAIN_SELF = YES;
				CLANG_WARN_OBJC_LITERAL_CONVERSION = YES;
				CLANG_WARN_OBJC_ROOT_CLASS = YES_ERROR;
				CLANG_WARN_RANGE_LOOP_ANALYSIS = YES;
				CLANG_WARN_STRICT_PROTOTYPES = YES;
				CLANG_WARN_SUSPICIOUS_MOVE = YES;
				CLANG_WARN_UNGUARDED_AVAILABILITY = YES_AGGRESSIVE;
				CLANG_WARN_UNREACHABLE_CODE = YES;
				CLANG_WARN__DUPLICATE_METHOD_MATCH = YES;
				CODE_SIGN_IDENTITY = "iPhone Developer";
				COPY_PHASE_STRIP = NO;
				DEBUG_INFORMATION_FORMAT = "dwarf-with-dsym";
				ENABLE_NS_ASSERTIONS = NO;
				ENABLE_STRICT_OBJC_MSGSEND = YES;
				GCC_C_LANGUAGE_STANDARD = gnu11;
				GCC_NO_COMMON_BLOCKS = YES;
				GCC_WARN_64_TO_32_BIT_CONVERSION = YES;
				GCC_WARN_ABOUT_RETURN_TYPE = YES_ERROR;
				GCC_WARN_UNDECLARED_SELECTOR = YES;
				GCC_WARN_UNINITIALIZED_AUTOS = YES_AGGRESSIVE;
				GCC_WARN_UNUSED_FUNCTION = YES;
				GCC_WARN_UNUSED_VARIABLE = YES;
				IPHONEOS_DEPLOYMENT_TARGET = 12.2;
				MTL_ENABLE_DEBUG_INFO = NO;
				MTL_FAST_MATH = YES;
				SDKROOT = iphoneos;
				VALIDATE_PRODUCT = YES;
			};
			name = Release;
		};
		C89D720922E7EBA80048A1BD /* Debug */ = {
			isa = XCBuildConfiguration;
			baseConfigurationReference = 8AEDFEA781850A4660E756C3 /* Pods-UIModule.debug.xcconfig */;
			buildSettings = {
				ASSETCATALOG_COMPILER_APPICON_NAME = AppIcon;
				CODE_SIGN_STYLE = Automatic;
				DEVELOPMENT_TEAM = 9R4J288K8L;
				INFOPLIST_FILE = UIModule/Info.plist;
				IPHONEOS_DEPLOYMENT_TARGET = 9.0;
				LD_RUNPATH_SEARCH_PATHS = (
					"$(inherited)",
					"@executable_path/Frameworks",
				);
				PRODUCT_BUNDLE_IDENTIFIER = "---.UIModulezl-";
				PRODUCT_NAME = "$(TARGET_NAME)";
				TARGETED_DEVICE_FAMILY = "1,2";
			};
			name = Debug;
		};
		C89D720A22E7EBA80048A1BD /* Release */ = {
			isa = XCBuildConfiguration;
			baseConfigurationReference = DE90E8E2FC81C280A9008E51 /* Pods-UIModule.release.xcconfig */;
			buildSettings = {
				ASSETCATALOG_COMPILER_APPICON_NAME = AppIcon;
				CODE_SIGN_STYLE = Automatic;
				DEVELOPMENT_TEAM = 9R4J288K8L;
				INFOPLIST_FILE = UIModule/Info.plist;
				IPHONEOS_DEPLOYMENT_TARGET = 9.0;
				LD_RUNPATH_SEARCH_PATHS = (
					"$(inherited)",
					"@executable_path/Frameworks",
				);
				PRODUCT_BUNDLE_IDENTIFIER = "---.UIModulezl-";
				PRODUCT_NAME = "$(TARGET_NAME)";
				TARGETED_DEVICE_FAMILY = "1,2";
			};
			name = Release;
		};
/* End XCBuildConfiguration section */

/* Begin XCConfigurationList section */
		C89D71ED22E7EBA70048A1BD /* Build configuration list for PBXProject "UIModule" */ = {
			isa = XCConfigurationList;
			buildConfigurations = (
				C89D720622E7EBA80048A1BD /* Debug */,
				C89D720722E7EBA80048A1BD /* Release */,
			);
			defaultConfigurationIsVisible = 0;
			defaultConfigurationName = Release;
		};
		C89D720822E7EBA80048A1BD /* Build configuration list for PBXNativeTarget "UIModule" */ = {
			isa = XCConfigurationList;
			buildConfigurations = (
				C89D720922E7EBA80048A1BD /* Debug */,
				C89D720A22E7EBA80048A1BD /* Release */,
			);
			defaultConfigurationIsVisible = 0;
			defaultConfigurationName = Release;
		};
/* End XCConfigurationList section */
	};
	rootObject = C89D71EA22E7EBA70048A1BD /* Project object */;
}
