// !$*UTF8*$!
{
	archiveVersion = 1;
	classes = {
	};
	objectVersion = 51;
	objects = {

/* Begin PBXBuildFile section */
		7ABB936386FE080817DD4210 /* libPods-UIModule.a in Frameworks */ = {isa = PBXBuildFile; fileRef = 20DB6950829D683C9F4368AC /* libPods-UIModule.a */; };
		C89D71F722E7EBA70048A1BD /* AppDelegate.m in Sources */ = {isa = PBXBuildFile; fileRef = C89D71F622E7EBA70048A1BD /* AppDelegate.m */; };
		C89D71FA22E7EBA70048A1BD /* ViewController.m in Sources */ = {isa = PBXBuildFile; fileRef = C89D71F922E7EBA70048A1BD /* ViewController.m */; };
		C89D71FD22E7EBA70048A1BD /* Main.storyboard in Resources */ = {isa = PBXBuildFile; fileRef = C89D71FB22E7EBA70048A1BD /* Main.storyboard */; };
		C89D71FF22E7EBA80048A1BD /* Assets.xcassets in Resources */ = {isa = PBXBuildFile; fileRef = C89D71FE22E7EBA80048A1BD /* Assets.xcassets */; };
		C89D720222E7EBA80048A1BD /* LaunchScreen.storyboard in Resources */ = {isa = PBXBuildFile; fileRef = C89D720022E7EBA80048A1BD /* LaunchScreen.storyboard */; };
		C89D720522E7EBA80048A1BD /* main.m in Sources */ = {isa = PBXBuildFile; fileRef = C89D720422E7EBA80048A1BD /* main.m */; };
		C89D723B22E7FEB10048A1BD /* DXVipServiceMode.m in Sources */ = {isa = PBXBuildFile; fileRef = C89D720D22E7FEB10048A1BD /* DXVipServiceMode.m */; };
		C89D723C22E7FEB10048A1BD /* DXVipEverydayPlanController.m in Sources */ = {isa = PBXBuildFile; fileRef = C89D721022E7FEB10048A1BD /* DXVipEverydayPlanController.m */; };
		C89D723D22E7FEB10048A1BD /* DXVipServiceController.m in Sources */ = {isa = PBXBuildFile; fileRef = C89D721122E7FEB10048A1BD /* DXVipServiceController.m */; };
		C89D723E22E7FEB10048A1BD /* DXVipWebController.m in Sources */ = {isa = PBXBuildFile; fileRef = C89D721522E7FEB10048A1BD /* DXVipWebController.m */; };
		C89D723F22E7FEB10048A1BD /* DXVIPWrittenTestDateController.m in Sources */ = {isa = PBXBuildFile; fileRef = C89D721822E7FEB10048A1BD /* DXVIPWrittenTestDateController.m */; };
		C89D724022E7FEB10048A1BD /* DXVipLearnPathController.m in Sources */ = {isa = PBXBuildFile; fileRef = C89D721922E7FEB10048A1BD /* DXVipLearnPathController.m */; };
		C89D724122E7FEB10048A1BD /* DXVipGuidanceEvaluationController.m in Sources */ = {isa = PBXBuildFile; fileRef = C89D721A22E7FEB10048A1BD /* DXVipGuidanceEvaluationController.m */; };
		C89D724222E7FEB10048A1BD /* DXVipLookCourseView.m in Sources */ = {isa = PBXBuildFile; fileRef = C89D721F22E7FEB10048A1BD /* DXVipLookCourseView.m */; };
		C89D724322E7FEB10048A1BD /* DXVipWTDateView.m in Sources */ = {isa = PBXBuildFile; fileRef = C89D722022E7FEB10048A1BD /* DXVipWTDateView.m */; };
		C89D724422E7FEB10048A1BD /* DXVipSelectMenuView.m in Sources */ = {isa = PBXBuildFile; fileRef = C89D722122E7FEB10048A1BD /* DXVipSelectMenuView.m */; };
		C89D724522E7FEB10048A1BD /* DXVipServiceView.m in Sources */ = {isa = PBXBuildFile; fileRef = C89D722422E7FEB10048A1BD /* DXVipServiceView.m */; };
		C89D724622E7FEB10048A1BD /* DXVipEverydayPlanView.m in Sources */ = {isa = PBXBuildFile; fileRef = C89D722522E7FEB10048A1BD /* DXVipEverydayPlanView.m */; };
		C89D724722E7FEB10048A1BD /* DXVipDoWorkView.m in Sources */ = {isa = PBXBuildFile; fileRef = C89D722822E7FEB10048A1BD /* DXVipDoWorkView.m */; };
		C89D724822E7FEB10048A1BD /* DXVipServiceApiRequest.m in Sources */ = {isa = PBXBuildFile; fileRef = C89D722A22E7FEB10048A1BD /* DXVipServiceApiRequest.m */; };
		C89D724922E7FEB10048A1BD /* DXVipServiceNetWork.m in Sources */ = {isa = PBXBuildFile; fileRef = C89D722C22E7FEB10048A1BD /* DXVipServiceNetWork.m */; };
		C89D724A22E7FEB10048A1BD /* DXCreateUI.m in Sources */ = {isa = PBXBuildFile; fileRef = C89D723222E7FEB10048A1BD /* DXCreateUI.m */; };
		C89D724B22E7FEB10048A1BD /* DXVipServiceBaseView.m in Sources */ = {isa = PBXBuildFile; fileRef = C89D723422E7FEB10048A1BD /* DXVipServiceBaseView.m */; };
		C89D724C22E7FEB10048A1BD /* NullSafe.m in Sources */ = {isa = PBXBuildFile; fileRef = C89D723522E7FEB10048A1BD /* NullSafe.m */; };
		C89D724D22E7FEB10048A1BD /* DXVipServiceBaseMode.m in Sources */ = {isa = PBXBuildFile; fileRef = C89D723622E7FEB10048A1BD /* DXVipServiceBaseMode.m */; };
		C89D724E22E7FEB10048A1BD /* MBProgressHUD+Extension.m in Sources */ = {isa = PBXBuildFile; fileRef = C89D723722E7FEB10048A1BD /* MBProgressHUD+Extension.m */; };
		C89D724F22E7FEB10048A1BD /* DXVipServiceBaseViewController.m in Sources */ = {isa = PBXBuildFile; fileRef = C89D723822E7FEB10048A1BD /* DXVipServiceBaseViewController.m */; };
		C89D725322E80A490048A1BD /* Test.m in Sources */ = {isa = PBXBuildFile; fileRef = C89D725222E80A490048A1BD /* Test.m */; };
/* End PBXBuildFile section */

/* Begin PBXFileReference section */
		20DB6950829D683C9F4368AC /* libPods-UIModule.a */ = {isa = PBXFileReference; explicitFileType = archive.ar; includeInIndex = 0; path = "libPods-UIModule.a"; sourceTree = BUILT_PRODUCTS_DIR; };
		8AEDFEA781850A4660E756C3 /* Pods-UIModule.debug.xcconfig */ = {isa = PBXFileReference; includeInIndex = 1; lastKnownFileType = text.xcconfig; name = "Pods-UIModule.debug.xcconfig"; path = "Target Support Files/Pods-UIModule/Pods-UIModule.debug.xcconfig"; sourceTree = "<group>"; };
		C89D71F222E7EBA70048A1BD /* UIModule.app */ = {isa = PBXFileReference; explicitFileType = wrapper.application; includeInIndex = 0; path = UIModule.app; sourceTree = BUILT_PRODUCTS_DIR; };
		C89D71F522E7EBA70048A1BD /* AppDelegate.h */ = {isa = PBXFileReference; lastKnownFileType = sourcecode.c.h; path = AppDelegate.h; sourceTree = "<group>"; };
		C89D71F622E7EBA70048A1BD /* AppDelegate.m */ = {isa = PBXFileReference; lastKnownFileType = sourcecode.c.objc; path = AppDelegate.m; sourceTree = "<group>"; };
		C89D71F822E7EBA70048A1BD /* ViewController.h */ = {isa = PBXFileReference; lastKnownFileType = sourcecode.c.h; path = ViewController.h; sourceTree = "<group>"; };
		C89D71F922E7EBA70048A1BD /* ViewController.m */ = {isa = PBXFileReference; lastKnownFileType = sourcecode.c.objc; path = ViewController.m; sourceTree = "<group>"; };
		C89D71FC22E7EBA70048A1BD /* Base */ = {isa = PBXFileReference; lastKnownFileType = file.storyboard; name = Base; path = Base.lproj/Main.storyboard; sourceTree = "<group>"; };
		C89D71FE22E7EBA80048A1BD /* Assets.xcassets */ = {isa = PBXFileReference; lastKnownFileType = folder.assetcatalog; path = Assets.xcassets; sourceTree = "<group>"; };
		C89D720122E7EBA80048A1BD /* Base */ = {isa = PBXFileReference; lastKnownFileType = file.storyboard; name = Base; path = Base.lproj/LaunchScreen.storyboard; sourceTree = "<group>"; };
		C89D720322E7EBA80048A1BD /* Info.plist */ = {isa = PBXFileReference; lastKnownFileType = text.plist.xml; path = Info.plist; sourceTree = "<group>"; };
		C89D720422E7EBA80048A1BD /* main.m */ = {isa = PBXFileReference; lastKnownFileType = sourcecode.c.objc; path = main.m; sourceTree = "<group>"; };
		C89D720D22E7FEB10048A1BD /* DXVipServiceMode.m */ = {isa = PBXFileReference; fileEncoding = 4; lastKnownFileType = sourcecode.c.objc; path = DXVipServiceMode.m; sourceTree = "<group>"; };
		C89D720E22E7FEB10048A1BD /* DXVipServiceMode.h */ = {isa = PBXFileReference; fileEncoding = 4; lastKnownFileType = sourcecode.c.h; path = DXVipServiceMode.h; sourceTree = "<group>"; };
		C89D721022E7FEB10048A1BD /* DXVipEverydayPlanController.m */ = {isa = PBXFileReference; fileEncoding = 4; lastKnownFileType = sourcecode.c.objc; path = DXVipEverydayPlanController.m; sourceTree = "<group>"; };
		C89D721122E7FEB10048A1BD /* DXVipServiceController.m */ = {isa = PBXFileReference; fileEncoding = 4; lastKnownFileType = sourcecode.c.objc; path = DXVipServiceController.m; sourceTree = "<group>"; };
		C89D721222E7FEB10048A1BD /* DXVipGuidanceEvaluationController.h */ = {isa = PBXFileReference; fileEncoding = 4; lastKnownFileType = sourcecode.c.h; path = DXVipGuidanceEvaluationController.h; sourceTree = "<group>"; };
		C89D721322E7FEB10048A1BD /* DXVipLearnPathController.h */ = {isa = PBXFileReference; fileEncoding = 4; lastKnownFileType = sourcecode.c.h; path = DXVipLearnPathController.h; sourceTree = "<group>"; };
		C89D721422E7FEB10048A1BD /* DXVIPWrittenTestDateController.h */ = {isa = PBXFileReference; fileEncoding = 4; lastKnownFileType = sourcecode.c.h; path = DXVIPWrittenTestDateController.h; sourceTree = "<group>"; };
		C89D721522E7FEB10048A1BD /* DXVipWebController.m */ = {isa = PBXFileReference; fileEncoding = 4; lastKnownFileType = sourcecode.c.objc; path = DXVipWebController.m; sourceTree = "<group>"; };
		C89D721622E7FEB10048A1BD /* DXVipEverydayPlanController.h */ = {isa = PBXFileReference; fileEncoding = 4; lastKnownFileType = sourcecode.c.h; path = DXVipEverydayPlanController.h; sourceTree = "<group>"; };
		C89D721722E7FEB10048A1BD /* DXVipServiceController.h */ = {isa = PBXFileReference; fileEncoding = 4; lastKnownFileType = sourcecode.c.h; path = DXVipServiceController.h; sourceTree = "<group>"; };
		C89D721822E7FEB10048A1BD /* DXVIPWrittenTestDateController.m */ = {isa = PBXFileReference; fileEncoding = 4; lastKnownFileType = sourcecode.c.objc; path = DXVIPWrittenTestDateController.m; sourceTree = "<group>"; };
		C89D721922E7FEB10048A1BD /* DXVipLearnPathController.m */ = {isa = PBXFileReference; fileEncoding = 4; lastKnownFileType = sourcecode.c.objc; path = DXVipLearnPathController.m; sourceTree = "<group>"; };
		C89D721A22E7FEB10048A1BD /* DXVipGuidanceEvaluationController.m */ = {isa = PBXFileReference; fileEncoding = 4; lastKnownFileType = sourcecode.c.objc; path = DXVipGuidanceEvaluationController.m; sourceTree = "<group>"; };
		C89D721B22E7FEB10048A1BD /* DXVipWebController.h */ = {isa = PBXFileReference; fileEncoding = 4; lastKnownFileType = sourcecode.c.h; path = DXVipWebController.h; sourceTree = "<group>"; };
		C89D721D22E7FEB10048A1BD /* DXVipEverydayPlanView.h */ = {isa = PBXFileReference; fileEncoding = 4; lastKnownFileType = sourcecode.c.h; path = DXVipEverydayPlanView.h; sourceTree = "<group>"; };
		C89D721E22E7FEB10048A1BD /* DXVipServiceView.h */ = {isa = PBXFileReference; fileEncoding = 4; lastKnownFileType = sourcecode.c.h; path = DXVipServiceView.h; sourceTree = "<group>"; };
		C89D721F22E7FEB10048A1BD /* DXVipLookCourseView.m */ = {isa = PBXFileReference; fileEncoding = 4; lastKnownFileType = sourcecode.c.objc; path = DXVipLookCourseView.m; sourceTree = "<group>"; };
		C89D722022E7FEB10048A1BD /* DXVipWTDateView.m */ = {isa = PBXFileReference; fileEncoding = 4; lastKnownFileType = sourcecode.c.objc; path = DXVipWTDateView.m; sourceTree = "<group>"; };
		C89D722122E7FEB10048A1BD /* DXVipSelectMenuView.m */ = {isa = PBXFileReference; fileEncoding = 4; lastKnownFileType = sourcecode.c.objc; path = DXVipSelectMenuView.m; sourceTree = "<group>"; };
		C89D722222E7FEB10048A1BD /* DXVipDoWorkView.h */ = {isa = PBXFileReference; fileEncoding = 4; lastKnownFileType = sourcecode.c.h; path = DXVipDoWorkView.h; sourceTree = "<group>"; };
		C89D722322E7FEB10048A1BD /* DXVipLookCourseView.h */ = {isa = PBXFileReference; fileEncoding = 4; lastKnownFileType = sourcecode.c.h; path = DXVipLookCourseView.h; sourceTree = "<group>"; };
		C89D722422E7FEB10048A1BD /* DXVipServiceView.m */ = {isa = PBXFileReference; fileEncoding = 4; lastKnownFileType = sourcecode.c.objc; path = DXVipServiceView.m; sourceTree = "<group>"; };
		C89D722522E7FEB10048A1BD /* DXVipEverydayPlanView.m */ = {isa = PBXFileReference; fileEncoding = 4; lastKnownFileType = sourcecode.c.objc; path = DXVipEverydayPlanView.m; sourceTree = "<group>"; };
		C89D722622E7FEB10048A1BD /* DXVipWTDateView.h */ = {isa = PBXFileReference; fileEncoding = 4; lastKnownFileType = sourcecode.c.h; path = DXVipWTDateView.h; sourceTree = "<group>"; };
		C89D722722E7FEB10048A1BD /* DXVipSelectMenuView.h */ = {isa = PBXFileReference; fileEncoding = 4; lastKnownFileType = sourcecode.c.h; path = DXVipSelectMenuView.h; sourceTree = "<group>"; };
		C89D722822E7FEB10048A1BD /* DXVipDoWorkView.m */ = {isa = PBXFileReference; fileEncoding = 4; lastKnownFileType = sourcecode.c.objc; path = DXVipDoWorkView.m; sourceTree = "<group>"; };
		C89D722A22E7FEB10048A1BD /* DXVipServiceApiRequest.m */ = {isa = PBXFileReference; fileEncoding = 4; lastKnownFileType = sourcecode.c.objc; path = DXVipServiceApiRequest.m; sourceTree = "<group>"; };
		C89D722B22E7FEB10048A1BD /* DXVipServiceNetWork.h */ = {isa = PBXFileReference; fileEncoding = 4; lastKnownFileType = sourcecode.c.h; path = DXVipServiceNetWork.h; sourceTree = "<group>"; };
		C89D722C22E7FEB10048A1BD /* DXVipServiceNetWork.m */ = {isa = PBXFileReference; fileEncoding = 4; lastKnownFileType = sourcecode.c.objc; path = DXVipServiceNetWork.m; sourceTree = "<group>"; };
		C89D722D22E7FEB10048A1BD /* DXVipServiceApiRequest.h */ = {isa = PBXFileReference; fileEncoding = 4; lastKnownFileType = sourcecode.c.h; path = DXVipServiceApiRequest.h; sourceTree = "<group>"; };
		C89D722F22E7FEB10048A1BD /* DXVipServiceBaseMode.h */ = {isa = PBXFileReference; fileEncoding = 4; lastKnownFileType = sourcecode.c.h; path = DXVipServiceBaseMode.h; sourceTree = "<group>"; };
		C89D723022E7FEB10048A1BD /* DXVipDefine.h */ = {isa = PBXFileReference; fileEncoding = 4; lastKnownFileType = sourcecode.c.h; path = DXVipDefine.h; sourceTree = "<group>"; };
		C89D723122E7FEB10048A1BD /* MBProgressHUD+Extension.h */ = {isa = PBXFileReference; fileEncoding = 4; lastKnownFileType = sourcecode.c.h; path = "MBProgressHUD+Extension.h"; sourceTree = "<group>"; };
		C89D723222E7FEB10048A1BD /* DXCreateUI.m */ = {isa = PBXFileReference; fileEncoding = 4; lastKnownFileType = sourcecode.c.objc; path = DXCreateUI.m; sourceTree = "<group>"; };
		C89D723322E7FEB10048A1BD /* DXVipServiceBaseViewController.h */ = {isa = PBXFileReference; fileEncoding = 4; lastKnownFileType = sourcecode.c.h; path = DXVipServiceBaseViewController.h; sourceTree = "<group>"; };
		C89D723422E7FEB10048A1BD /* DXVipServiceBaseView.m */ = {isa = PBXFileReference; fileEncoding = 4; lastKnownFileType = sourcecode.c.objc; path = DXVipServiceBaseView.m; sourceTree = "<group>"; };
		C89D723522E7FEB10048A1BD /* NullSafe.m */ = {isa = PBXFileReference; fileEncoding = 4; lastKnownFileType = sourcecode.c.objc; path = NullSafe.m; sourceTree = "<group>"; };
		C89D723622E7FEB10048A1BD /* DXVipServiceBaseMode.m */ = {isa = PBXFileReference; fileEncoding = 4; lastKnownFileType = sourcecode.c.objc; path = DXVipServiceBaseMode.m; sourceTree = "<group>"; };
		C89D723722E7FEB10048A1BD /* MBProgressHUD+Extension.m */ = {isa = PBXFileReference; fileEncoding = 4; lastKnownFileType = sourcecode.c.objc; path = "MBProgressHUD+Extension.m"; sourceTree = "<group>"; };
		C89D723822E7FEB10048A1BD /* DXVipServiceBaseViewController.m */ = {isa = PBXFileReference; fileEncoding = 4; lastKnownFileType = sourcecode.c.objc; path = DXVipServiceBaseViewController.m; sourceTree = "<group>"; };
		C89D723922E7FEB10048A1BD /* DXVipServiceBaseView.h */ = {isa = PBXFileReference; fileEncoding = 4; lastKnownFileType = sourcecode.c.h; path = DXVipServiceBaseView.h; sourceTree = "<group>"; };
		C89D723A22E7FEB10048A1BD /* DXCreateUI.h */ = {isa = PBXFileReference; fileEncoding = 4; lastKnownFileType = sourcecode.c.h; path = DXCreateUI.h; sourceTree = "<group>"; };
		C89D725122E80A490048A1BD /* Test.h */ = {isa = PBXFileReference; lastKnownFileType = sourcecode.c.h; path = Test.h; sourceTree = "<group>"; };
		C89D725222E80A490048A1BD /* Test.m */ = {isa = PBXFileReference; lastKnownFileType = sourcecode.c.objc; path = Test.m; sourceTree = "<group>"; };
		DE90E8E2FC81C280A9008E51 /* Pods-UIModule.release.xcconfig */ = {isa = PBXFileReference; includeInIndex = 1; lastKnownFileType = text.xcconfig; name = "Pods-UIModule.release.xcconfig"; path = "Target Support Files/Pods-UIModule/Pods-UIModule.release.xcconfig"; sourceTree = "<group>"; };
/* End PBXFileReference section */

/* Begin PBXFrameworksBuildPhase section */
		C89D71EF22E7EBA70048A1BD /* Frameworks */ = {
			isa = PBXFrameworksBuildPhase;
			buildActionMask = 2147483647;
			files = (
				7ABB936386FE080817DD4210 /* libPods-UIModule.a in Frameworks */,
			);
			runOnlyForDeploymentPostprocessing = 0;
		};
/* End PBXFrameworksBuildPhase section */

/* Begin PBXGroup section */
		2654B3D253BC4BF2CDF19FC2 /* Frameworks */ = {
			isa = PBXGroup;
			children = (
				20DB6950829D683C9F4368AC /* libPods-UIModule.a */,
			);
			name = Frameworks;
			sourceTree = "<group>";
		};
		C89D71E922E7EBA70048A1BD = {
			isa = PBXGroup;
			children = (
				C89D71F422E7EBA70048A1BD /* UIModule */,
				C89D71F322E7EBA70048A1BD /* Products */,
				E1F0AF5709460C0C8D8972AC /* Pods */,
				2654B3D253BC4BF2CDF19FC2 /* Frameworks */,
			);
			sourceTree = "<group>";
		};
		C89D71F322E7EBA70048A1BD /* Products */ = {
			isa = PBXGroup;
			children = (
				C89D71F222E7EBA70048A1BD /* UIModule.app */,
			);
			name = Products;
			sourceTree = "<group>";
		};
		C89D71F422E7EBA70048A1BD /* UIModule */ = {
			isa = PBXGroup;
			children = (
				C89D71F522E7EBA70048A1BD /* AppDelegate.h */,
				C89D71F622E7EBA70048A1BD /* AppDelegate.m */,
				C89D71F822E7EBA70048A1BD /* ViewController.h */,
				C89D71F922E7EBA70048A1BD /* ViewController.m */,
				C89D71FB22E7EBA70048A1BD /* Main.storyboard */,
				C89D71FE22E7EBA80048A1BD /* Assets.xcassets */,
				C89D720022E7EBA80048A1BD /* LaunchScreen.storyboard */,
				C89D720322E7EBA80048A1BD /* Info.plist */,
				C89D720422E7EBA80048A1BD /* main.m */,
				C89D720B22E7FEB10048A1BD /* Develop */,
			);
			path = UIModule;
			sourceTree = "<group>";
		};
		C89D720B22E7FEB10048A1BD /* Develop */ = {
			isa = PBXGroup;
			children = (
				C89D725022E80A210048A1BD /* Public */,
				C89D720C22E7FEB10048A1BD /* Mode */,
				C89D720F22E7FEB10048A1BD /* Controller */,
				C89D721C22E7FEB10048A1BD /* View */,
				C89D722922E7FEB10048A1BD /* Api */,
				C89D722E22E7FEB10048A1BD /* Base */,
			);
			path = Develop;
			sourceTree = "<group>";
		};
		C89D720C22E7FEB10048A1BD /* Mode */ = {
			isa = PBXGroup;
			children = (
				C89D720D22E7FEB10048A1BD /* DXVipServiceMode.m */,
				C89D720E22E7FEB10048A1BD /* DXVipServiceMode.h */,
			);
			path = Mode;
			sourceTree = "<group>";
		};
		C89D720F22E7FEB10048A1BD /* Controller */ = {
			isa = PBXGroup;
			children = (
				C89D721022E7FEB10048A1BD /* DXVipEverydayPlanController.m */,
				C89D721122E7FEB10048A1BD /* DXVipServiceController.m */,
				C89D721222E7FEB10048A1BD /* DXVipGuidanceEvaluationController.h */,
				C89D721322E7FEB10048A1BD /* DXVipLearnPathController.h */,
				C89D721422E7FEB10048A1BD /* DXVIPWrittenTestDateController.h */,
				C89D721522E7FEB10048A1BD /* DXVipWebController.m */,
				C89D721622E7FEB10048A1BD /* DXVipEverydayPlanController.h */,
				C89D721722E7FEB10048A1BD /* DXVipServiceController.h */,
				C89D721822E7FEB10048A1BD /* DXVIPWrittenTestDateController.m */,
				C89D721922E7FEB10048A1BD /* DXVipLearnPathController.m */,
				C89D721A22E7FEB10048A1BD /* DXVipGuidanceEvaluationController.m */,
				C89D721B22E7FEB10048A1BD /* DXVipWebController.h */,
			);
			path = Controller;
			sourceTree = "<group>";
		};
		C89D721C22E7FEB10048A1BD /* View */ = {
			isa = PBXGroup;
			children = (
				C89D721D22E7FEB10048A1BD /* DXVipEverydayPlanView.h */,
				C89D721E22E7FEB10048A1BD /* DXVipServiceView.h */,
				C89D721F22E7FEB10048A1BD /* DXVipLookCourseView.m */,
				C89D722022E7FEB10048A1BD /* DXVipWTDateView.m */,
				C89D722122E7FEB10048A1BD /* DXVipSelectMenuView.m */,
				C89D722222E7FEB10048A1BD /* DXVipDoWorkView.h */,
				C89D722322E7FEB10048A1BD /* DXVipLookCourseView.h */,
				C89D722422E7FEB10048A1BD /* DXVipServiceView.m */,
				C89D722522E7FEB10048A1BD /* DXVipEverydayPlanView.m */,
				C89D722622E7FEB10048A1BD /* DXVipWTDateView.h */,
				C89D722722E7FEB10048A1BD /* DXVipSelectMenuView.h */,
				C89D722822E7FEB10048A1BD /* DXVipDoWorkView.m */,
			);
			path = View;
			sourceTree = "<group>";
		};
		C89D722922E7FEB10048A1BD /* Api */ = {
			isa = PBXGroup;
			children = (
				C89D722A22E7FEB10048A1BD /* DXVipServiceApiRequest.m */,
				C89D722B22E7FEB10048A1BD /* DXVipServiceNetWork.h */,
				C89D722C22E7FEB10048A1BD /* DXVipServiceNetWork.m */,
				C89D722D22E7FEB10048A1BD /* DXVipServiceApiRequest.h */,
			);
			path = Api;
			sourceTree = "<group>";
		};
		C89D722E22E7FEB10048A1BD /* Base */ = {
			isa = PBXGroup;
			children = (
				C89D722F22E7FEB10048A1BD /* DXVipServiceBaseMode.h */,
				C89D723022E7FEB10048A1BD /* DXVipDefine.h */,
				C89D723122E7FEB10048A1BD /* MBProgressHUD+Extension.h */,
				C89D723222E7FEB10048A1BD /* DXCreateUI.m */,
				C89D723322E7FEB10048A1BD /* DXVipServiceBaseViewController.h */,
				C89D723422E7FEB10048A1BD /* DXVipServiceBaseView.m */,
				C89D723522E7FEB10048A1BD /* NullSafe.m */,
				C89D723622E7FEB10048A1BD /* DXVipServiceBaseMode.m */,
				C89D723722E7FEB10048A1BD /* MBProgressHUD+Extension.m */,
				C89D723822E7FEB10048A1BD /* DXVipServiceBaseViewController.m */,
				C89D723922E7FEB10048A1BD /* DXVipServiceBaseView.h */,
				C89D723A22E7FEB10048A1BD /* DXCreateUI.h */,
			);
			path = Base;
			sourceTree = "<group>";
		};
		C89D725022E80A210048A1BD /* Public */ = {
			isa = PBXGroup;
			children = (
				C89D725122E80A490048A1BD /* Test.h */,
				C89D725222E80A490048A1BD /* Test.m */,
			);
			path = Public;
			sourceTree = "<group>";
		};
		E1F0AF5709460C0C8D8972AC /* Pods */ = {
			isa = PBXGroup;
			children = (
				8AEDFEA781850A4660E756C3 /* Pods-UIModule.debug.xcconfig */,
				DE90E8E2FC81C280A9008E51 /* Pods-UIModule.release.xcconfig */,
			);
			path = Pods;
			sourceTree = "<group>";
		};
/* End PBXGroup section */

/* Begin PBXNativeTarget section */
		C89D71F122E7EBA70048A1BD /* UIModule */ = {
			isa = PBXNativeTarget;
			buildConfigurationList = C89D720822E7EBA80048A1BD /* Build configuration list for PBXNativeTarget "UIModule" */;
			buildPhases = (
				8952EEB7360A303CA140688F /* [CP] Check Pods Manifest.lock */,
				C89D71EE22E7EBA70048A1BD /* Sources */,
				C89D71EF22E7EBA70048A1BD /* Frameworks */,
				C89D71F022E7EBA70048A1BD /* Resources */,
				34D87AFC8CCF33ADBFD7A422 /* [CP] Copy Pods Resources */,
			);
			buildRules = (
			);
			dependencies = (
			);
			name = UIModule;
			productName = UIModule;
			productReference = C89D71F222E7EBA70048A1BD /* UIModule.app */;
			productType = "com.apple.product-type.application";
		};
/* End PBXNativeTarget section */

/* Begin PBXProject section */
		C89D71EA22E7EBA70048A1BD /* Project object */ = {
			isa = PBXProject;
			attributes = {
				LastUpgradeCheck = 1020;
				ORGANIZATIONNAME = "都学网";
				TargetAttributes = {
					C89D71F122E7EBA70048A1BD = {
						CreatedOnToolsVersion = 10.2.1;
					};
				};
			};
			buildConfigurationList = C89D71ED22E7EBA70048A1BD /* Build configuration list for PBXProject "UIModule" */;
			compatibilityVersion = "Xcode 9.3";
			developmentRegion = en;
			hasScannedForEncodings = 0;
			knownRegions = (
				en,
				Base,
			);
			mainGroup = C89D71E922E7EBA70048A1BD;
			productRefGroup = C89D71F322E7EBA70048A1BD /* Products */;
			projectDirPath = "";
			projectRoot = "";
			targets = (
				C89D71F122E7EBA70048A1BD /* UIModule */,
			);
		};
/* End PBXProject section */

/* Begin PBXResourcesBuildPhase section */
		C89D71F022E7EBA70048A1BD /* Resources */ = {
			isa = PBXResourcesBuildPhase;
			buildActionMask = 2147483647;
			files = (
				C89D720222E7EBA80048A1BD /* LaunchScreen.storyboard in Resources */,
				C89D71FF22E7EBA80048A1BD /* Assets.xcassets in Resources */,
				C89D71FD22E7EBA70048A1BD /* Main.storyboard in Resources */,
			);
			runOnlyForDeploymentPostprocessing = 0;
		};
/* End PBXResourcesBuildPhase section */

/* Begin PBXShellScriptBuildPhase section */
		34D87AFC8CCF33ADBFD7A422 /* [CP] Copy Pods Resources */ = {
			isa = PBXShellScriptBuildPhase;
			buildActionMask = 2147483647;
			files = (
			);
			inputFileListPaths = (
				"${PODS_ROOT}/Target Support Files/Pods-UIModule/Pods-UIModule-resources-${CONFIGURATION}-input-files.xcfilelist",
			);
			name = "[CP] Copy Pods Resources";
			outputFileListPaths = (
				"${PODS_ROOT}/Target Support Files/Pods-UIModule/Pods-UIModule-resources-${CONFIGURATION}-output-files.xcfilelist",
			);
			runOnlyForDeploymentPostprocessing = 0;
			shellPath = /bin/sh;
			shellScript = "\"${PODS_ROOT}/Target Support Files/Pods-UIModule/Pods-UIModule-resources.sh\"\n";
			showEnvVarsInLog = 0;
		};
		8952EEB7360A303CA140688F /* [CP] Check Pods Manifest.lock */ = {
			isa = PBXShellScriptBuildPhase;
			buildActionMask = 2147483647;
			files = (
			);
			inputFileListPaths = (
			);
			inputPaths = (
				"${PODS_PODFILE_DIR_PATH}/Podfile.lock",
				"${PODS_ROOT}/Manifest.lock",
			);
			name = "[CP] Check Pods Manifest.lock";
			outputFileListPaths = (
			);
			outputPaths = (
				"$(DERIVED_FILE_DIR)/Pods-UIModule-checkManifestLockResult.txt",
			);
			runOnlyForDeploymentPostprocessing = 0;
			shellPath = /bin/sh;
			shellScript = "diff \"${PODS_PODFILE_DIR_PATH}/Podfile.lock\" \"${PODS_ROOT}/Manifest.lock\" > /dev/null\nif [ $? != 0 ] ; then\n    # print error to STDERR\n    echo \"error: The sandbox is not in sync with the Podfile.lock. Run 'pod install' or update your CocoaPods installation.\" >&2\n    exit 1\nfi\n# This output is used by Xcode 'outputs' to avoid re-running this script phase.\necho \"SUCCESS\" > \"${SCRIPT_OUTPUT_FILE_0}\"\n";
			showEnvVarsInLog = 0;
		};
/* End PBXShellScriptBuildPhase section */

/* Begin PBXSourcesBuildPhase section */
		C89D71EE22E7EBA70048A1BD /* Sources */ = {
			isa = PBXSourcesBuildPhase;
			buildActionMask = 2147483647;
			files = (
				C89D724522E7FEB10048A1BD /* DXVipServiceView.m in Sources */,
				C89D71FA22E7EBA70048A1BD /* ViewController.m in Sources */,
				C89D724F22E7FEB10048A1BD /* DXVipServiceBaseViewController.m in Sources */,
				C89D720522E7EBA80048A1BD /* main.m in Sources */,
				C89D724B22E7FEB10048A1BD /* DXVipServiceBaseView.m in Sources */,
				C89D723F22E7FEB10048A1BD /* DXVIPWrittenTestDateController.m in Sources */,
				C89D724C22E7FEB10048A1BD /* NullSafe.m in Sources */,
				C89D723C22E7FEB10048A1BD /* DXVipEverydayPlanController.m in Sources */,
				C89D724A22E7FEB10048A1BD /* DXCreateUI.m in Sources */,
				C89D723D22E7FEB10048A1BD /* DXVipServiceController.m in Sources */,
				C89D725322E80A490048A1BD /* Test.m in Sources */,
				C89D724222E7FEB10048A1BD /* DXVipLookCourseView.m in Sources */,
				C89D724022E7FEB10048A1BD /* DXVipLearnPathController.m in Sources */,
				C89D724722E7FEB10048A1BD /* DXVipDoWorkView.m in Sources */,
				C89D724322E7FEB10048A1BD /* DXVipWTDateView.m in Sources */,
				C89D723E22E7FEB10048A1BD /* DXVipWebController.m in Sources */,
				C89D723B22E7FEB10048A1BD /* DXVipServiceMode.m in Sources */,
				C89D724D22E7FEB10048A1BD /* DXVipServiceBaseMode.m in Sources */,
				C89D724422E7FEB10048A1BD /* DXVipSelectMenuView.m in Sources */,
				C89D71F722E7EBA70048A1BD /* AppDelegate.m in Sources */,
				C89D724622E7FEB10048A1BD /* DXVipEverydayPlanView.m in Sources */,
				C89D724122E7FEB10048A1BD /* DXVipGuidanceEvaluationController.m in Sources */,
				C89D724922E7FEB10048A1BD /* DXVipServiceNetWork.m in Sources */,
				C89D724822E7FEB10048A1BD /* DXVipServiceApiRequest.m in Sources */,
				C89D724E22E7FEB10048A1BD /* MBProgressHUD+Extension.m in Sources */,
			);
			runOnlyForDeploymentPostprocessing = 0;
		};
/* End PBXSourcesBuildPhase section */

/* Begin PBXVariantGroup section */
		C89D71FB22E7EBA70048A1BD /* Main.storyboard */ = {
			isa = PBXVariantGroup;
			children = (
				C89D71FC22E7EBA70048A1BD /* Base */,
			);
			name = Main.storyboard;
			sourceTree = "<group>";
		};
		C89D720022E7EBA80048A1BD /* LaunchScreen.storyboard */ = {
			isa = PBXVariantGroup;
			children = (
				C89D720122E7EBA80048A1BD /* Base */,
			);
			name = LaunchScreen.storyboard;
			sourceTree = "<group>";
		};
/* End PBXVariantGroup section */

/* Begin XCBuildConfiguration section */
		C89D720622E7EBA80048A1BD /* Debug */ = {
			isa = XCBuildConfiguration;
			buildSettings = {
				ALWAYS_SEARCH_USER_PATHS = NO;
				CLANG_ANALYZER_NONNULL = YES;
				CLANG_ANALYZER_NUMBER_OBJECT_CONVERSION = YES_AGGRESSIVE;
				CLANG_CXX_LANGUAGE_STANDARD = "gnu++14";
				CLANG_CXX_LIBRARY = "libc++";
				CLANG_ENABLE_MODULES = YES;
				CLANG_ENABLE_OBJC_ARC = YES;
				CLANG_ENABLE_OBJC_WEAK = YES;
				CLANG_WARN_BLOCK_CAPTURE_AUTORELEASING = YES;
				CLANG_WARN_BOOL_CONVERSION = YES;
				CLANG_WARN_COMMA = YES;
				CLANG_WARN_CONSTANT_CONVERSION = YES;
				CLANG_WARN_DEPRECATED_OBJC_IMPLEMENTATIONS = YES;
				CLANG_WARN_DIRECT_OBJC_ISA_USAGE = YES_ERROR;
				CLANG_WARN_DOCUMENTATION_COMMENTS = YES;
				CLANG_WARN_EMPTY_BODY = YES;
				CLANG_WARN_ENUM_CONVERSION = YES;
				CLANG_WARN_INFINITE_RECURSION = YES;
				CLANG_WARN_INT_CONVERSION = YES;
				CLANG_WARN_NON_LITERAL_NULL_CONVERSION = YES;
				CLANG_WARN_OBJC_IMPLICIT_RETAIN_SELF = YES;
				CLANG_WARN_OBJC_LITERAL_CONVERSION = YES;
				CLANG_WARN_OBJC_ROOT_CLASS = YES_ERROR;
				CLANG_WARN_RANGE_LOOP_ANALYSIS = YES;
				CLANG_WARN_STRICT_PROTOTYPES = YES;
				CLANG_WARN_SUSPICIOUS_MOVE = YES;
				CLANG_WARN_UNGUARDED_AVAILABILITY = YES_AGGRESSIVE;
				CLANG_WARN_UNREACHABLE_CODE = YES;
				CLANG_WARN__DUPLICATE_METHOD_MATCH = YES;
				CODE_SIGN_IDENTITY = "iPhone Developer";
				COPY_PHASE_STRIP = NO;
				DEBUG_INFORMATION_FORMAT = dwarf;
				ENABLE_STRICT_OBJC_MSGSEND = YES;
				ENABLE_TESTABILITY = YES;
				GCC_C_LANGUAGE_STANDARD = gnu11;
				GCC_DYNAMIC_NO_PIC = NO;
				GCC_NO_COMMON_BLOCKS = YES;
				GCC_OPTIMIZATION_LEVEL = 0;
				GCC_PREPROCESSOR_DEFINITIONS = (
					"DEBUG=1",
					"$(inherited)",
				);
				GCC_WARN_64_TO_32_BIT_CONVERSION = YES;
				GCC_WARN_ABOUT_RETURN_TYPE = YES_ERROR;
				GCC_WARN_UNDECLARED_SELECTOR = YES;
				GCC_WARN_UNINITIALIZED_AUTOS = YES_AGGRESSIVE;
				GCC_WARN_UNUSED_FUNCTION = YES;
				GCC_WARN_UNUSED_VARIABLE = YES;
				IPHONEOS_DEPLOYMENT_TARGET = 12.2;
				MTL_ENABLE_DEBUG_INFO = INCLUDE_SOURCE;
				MTL_FAST_MATH = YES;
				ONLY_ACTIVE_ARCH = YES;
				SDKROOT = iphoneos;
			};
			name = Debug;
		};
		C89D720722E7EBA80048A1BD /* Release */ = {
			isa = XCBuildConfiguration;
			buildSettings = {
				ALWAYS_SEARCH_USER_PATHS = NO;
				CLANG_ANALYZER_NONNULL = YES;
				CLANG_ANALYZER_NUMBER_OBJECT_CONVERSION = YES_AGGRESSIVE;
				CLANG_CXX_LANGUAGE_STANDARD = "gnu++14";
				CLANG_CXX_LIBRARY = "libc++";
				CLANG_ENABLE_MODULES = YES;
				CLANG_ENABLE_OBJC_ARC = YES;
				CLANG_ENABLE_OBJC_WEAK = YES;
				CLANG_WARN_BLOCK_CAPTURE_AUTORELEASING = YES;
				CLANG_WARN_BOOL_CONVERSION = YES;
				CLANG_WARN_COMMA = YES;
				CLANG_WARN_CONSTANT_CONVERSION = YES;
				CLANG_WARN_DEPRECATED_OBJC_IMPLEMENTATIONS = YES;
				CLANG_WARN_DIRECT_OBJC_ISA_USAGE = YES_ERROR;
				CLANG_WARN_DOCUMENTATION_COMMENTS = YES;
				CLANG_WARN_EMPTY_BODY = YES;
				CLANG_WARN_ENUM_CONVERSION = YES;
				CLANG_WARN_INFINITE_RECURSION = YES;
				CLANG_WARN_INT_CONVERSION = YES;
				CLANG_WARN_NON_LITERAL_NULL_CONVERSION = YES;
				CLANG_WARN_OBJC_IMPLICIT_RETAIN_SELF = YES;
				CLANG_WARN_OBJC_LITERAL_CONVERSION = YES;
				CLANG_WARN_OBJC_ROOT_CLASS = YES_ERROR;
				CLANG_WARN_RANGE_LOOP_ANALYSIS = YES;
				CLANG_WARN_STRICT_PROTOTYPES = YES;
				CLANG_WARN_SUSPICIOUS_MOVE = YES;
				CLANG_WARN_UNGUARDED_AVAILABILITY = YES_AGGRESSIVE;
				CLANG_WARN_UNREACHABLE_CODE = YES;
				CLANG_WARN__DUPLICATE_METHOD_MATCH = YES;
				CODE_SIGN_IDENTITY = "iPhone Developer";
				COPY_PHASE_STRIP = NO;
				DEBUG_INFORMATION_FORMAT = "dwarf-with-dsym";
				ENABLE_NS_ASSERTIONS = NO;
				ENABLE_STRICT_OBJC_MSGSEND = YES;
				GCC_C_LANGUAGE_STANDARD = gnu11;
				GCC_NO_COMMON_BLOCKS = YES;
				GCC_WARN_64_TO_32_BIT_CONVERSION = YES;
				GCC_WARN_ABOUT_RETURN_TYPE = YES_ERROR;
				GCC_WARN_UNDECLARED_SELECTOR = YES;
				GCC_WARN_UNINITIALIZED_AUTOS = YES_AGGRESSIVE;
				GCC_WARN_UNUSED_FUNCTION = YES;
				GCC_WARN_UNUSED_VARIABLE = YES;
				IPHONEOS_DEPLOYMENT_TARGET = 12.2;
				MTL_ENABLE_DEBUG_INFO = NO;
				MTL_FAST_MATH = YES;
				SDKROOT = iphoneos;
				VALIDATE_PRODUCT = YES;
			};
			name = Release;
		};
		C89D720922E7EBA80048A1BD /* Debug */ = {
			isa = XCBuildConfiguration;
			baseConfigurationReference = 8AEDFEA781850A4660E756C3 /* Pods-UIModule.debug.xcconfig */;
			buildSettings = {
				ASSETCATALOG_COMPILER_APPICON_NAME = AppIcon;
				CODE_SIGN_STYLE = Automatic;
				INFOPLIST_FILE = UIModule/Info.plist;
				LD_RUNPATH_SEARCH_PATHS = (
					"$(inherited)",
					"@executable_path/Frameworks",
				);
				PRODUCT_BUNDLE_IDENTIFIER = "---.UIModule";
				PRODUCT_NAME = "$(TARGET_NAME)";
				TARGETED_DEVICE_FAMILY = "1,2";
			};
			name = Debug;
		};
		C89D720A22E7EBA80048A1BD /* Release */ = {
			isa = XCBuildConfiguration;
			baseConfigurationReference = DE90E8E2FC81C280A9008E51 /* Pods-UIModule.release.xcconfig */;
			buildSettings = {
				ASSETCATALOG_COMPILER_APPICON_NAME = AppIcon;
				CODE_SIGN_STYLE = Automatic;
				INFOPLIST_FILE = UIModule/Info.plist;
				LD_RUNPATH_SEARCH_PATHS = (
					"$(inherited)",
					"@executable_path/Frameworks",
				);
				PRODUCT_BUNDLE_IDENTIFIER = "---.UIModule";
				PRODUCT_NAME = "$(TARGET_NAME)";
				TARGETED_DEVICE_FAMILY = "1,2";
			};
			name = Release;
		};
/* End XCBuildConfiguration section */

/* Begin XCConfigurationList section */
		C89D71ED22E7EBA70048A1BD /* Build configuration list for PBXProject "UIModule" */ = {
			isa = XCConfigurationList;
			buildConfigurations = (
				C89D720622E7EBA80048A1BD /* Debug */,
				C89D720722E7EBA80048A1BD /* Release */,
			);
			defaultConfigurationIsVisible = 0;
			defaultConfigurationName = Release;
		};
		C89D720822E7EBA80048A1BD /* Build configuration list for PBXNativeTarget "UIModule" */ = {
			isa = XCConfigurationList;
			buildConfigurations = (
				C89D720922E7EBA80048A1BD /* Debug */,
				C89D720A22E7EBA80048A1BD /* Release */,
			);
			defaultConfigurationIsVisible = 0;
			defaultConfigurationName = Release;
		};
/* End XCConfigurationList section */
	};
	rootObject = C89D71EA22E7EBA70048A1BD /* Project object */;
}
